
Microsoft Visual Studio Solution File, Format Version 12.00
# Visual Studio Version 17
VisualStudioVersion = 17.3.32922.545
MinimumVisualStudioVersion = 10.0.40219.1
Project("{FAE04EC0-301F-11D3-BF4B-00C04F79EFBC}") = "DZ4_4", "ConsoleApp1\DZ4_4.csproj", "{D1533264-CBAE-4AA1-A395-767231E8448B}"
EndProject
Global
	GlobalSection(SolutionConfigurationPlatforms) = preSolution
		Debug|Any CPU = Debug|Any CPU
		Release|Any CPU = Release|Any CPU
	EndGlobalSection
	GlobalSection(ProjectConfigurationPlatforms) = postSolution
		{D1533264-CBAE-4AA1-A395-767231E8448B}.Debug|Any CPU.ActiveCfg = Debug|Any CPU
		{D1533264-CBAE-4AA1-A395-767231E8448B}.Debug|Any CPU.Build.0 = Debug|Any CPU
		{D1533264-CBAE-4AA1-A395-767231E8448B}.Release|Any CPU.ActiveCfg = Release|Any CPU
		{D1533264-CBAE-4AA1-A395-767231E8448B}.Release|Any CPU.Build.0 = Release|Any CPU
	EndGlobalSection
	GlobalSection(SolutionProperties) = preSolution
		HideSolutionNode = FALSE
	EndGlobalSection
	GlobalSection(ExtensibilityGlobals) = postSolution
		SolutionGuid = {AA4B7962-1C5E-4017-8680-9BCE25CB4692}
	EndGlobalSection
EndGlobal
